
Microsoft Visual Studio Solution File, Format Version 12.00
# Visual Studio Version 16
VisualStudioVersion = 16.0.29025.244
MinimumVisualStudioVersion = 10.0.40219.1
Project("{FAE04EC0-301F-11D3-BF4B-00C04F79EFBC}") = "EquityOrderComponent", "EquityOrderComponent\EquityOrderComponent.csproj", "{1A045D26-F57F-47CF-8489-01386DF3BE1A}"
EndProject
Project("{FAE04EC0-301F-11D3-BF4B-00C04F79EFBC}") = "EquityOrderTest", "EquityOrderTest\EquityOrderTest.csproj", "{A8E01148-DBFA-4291-82E1-F0A86C4E8CFA}"
EndProject
Global
	GlobalSection(SolutionConfigurationPlatforms) = preSolution
		Debug|Any CPU = Debug|Any CPU
		Release|Any CPU = Release|Any CPU
	EndGlobalSection
	GlobalSection(ProjectConfigurationPlatforms) = postSolution
		{1A045D26-F57F-47CF-8489-01386DF3BE1A}.Debug|Any CPU.ActiveCfg = Debug|Any CPU
		{1A045D26-F57F-47CF-8489-01386DF3BE1A}.Debug|Any CPU.Build.0 = Debug|Any CPU
		{1A045D26-F57F-47CF-8489-01386DF3BE1A}.Release|Any CPU.ActiveCfg = Release|Any CPU
		{1A045D26-F57F-47CF-8489-01386DF3BE1A}.Release|Any CPU.Build.0 = Release|Any CPU
		{A8E01148-DBFA-4291-82E1-F0A86C4E8CFA}.Debug|Any CPU.ActiveCfg = Debug|Any CPU
		{A8E01148-DBFA-4291-82E1-F0A86C4E8CFA}.Debug|Any CPU.Build.0 = Debug|Any CPU
		{A8E01148-DBFA-4291-82E1-F0A86C4E8CFA}.Release|Any CPU.ActiveCfg = Release|Any CPU
		{A8E01148-DBFA-4291-82E1-F0A86C4E8CFA}.Release|Any CPU.Build.0 = Release|Any CPU
	EndGlobalSection
	GlobalSection(SolutionProperties) = preSolution
		HideSolutionNode = FALSE
	EndGlobalSection
	GlobalSection(ExtensibilityGlobals) = postSolution
		SolutionGuid = {A7585F75-369F-4E5B-9A0E-A1FF4C0D78D9}
	EndGlobalSection
EndGlobal
